
Microsoft Visual Studio Solution File, Format Version 12.00
# Visual Studio Version 17
VisualStudioVersion = 17.9.34723.18
MinimumVisualStudioVersion = 10.0.40219.1
Project("{FAE04EC0-301F-11D3-BF4B-00C04F79EFBC}") = "Garage-Homework-Casting", "Garage-Homework-Casting\Garage-Homework-Casting.csproj", "{DBD4CEDA-6F2C-4332-BEED-712657570096}"
EndProject
Global
	GlobalSection(SolutionConfigurationPlatforms) = preSolution
		Debug|Any CPU = Debug|Any CPU
		Release|Any CPU = Release|Any CPU
	EndGlobalSection
	GlobalSection(ProjectConfigurationPlatforms) = postSolution
		{DBD4CEDA-6F2C-4332-BEED-712657570096}.Debug|Any CPU.ActiveCfg = Debug|Any CPU
		{DBD4CEDA-6F2C-4332-BEED-712657570096}.Debug|Any CPU.Build.0 = Debug|Any CPU
		{DBD4CEDA-6F2C-4332-BEED-712657570096}.Release|Any CPU.ActiveCfg = Release|Any CPU
		{DBD4CEDA-6F2C-4332-BEED-712657570096}.Release|Any CPU.Build.0 = Release|Any CPU
	EndGlobalSection
	GlobalSection(SolutionProperties) = preSolution
		HideSolutionNode = FALSE
	EndGlobalSection
	GlobalSection(ExtensibilityGlobals) = postSolution
		SolutionGuid = {1C25F85F-08DF-403C-906D-E5AEAD4EA14A}
	EndGlobalSection
EndGlobal
